// !$*UTF8*$!
{
	archiveVersion = 1;
	classes = {
	};
	objectVersion = 50;
	objects = {

/* Begin PBXBuildFile section */
		47015E8F256B8BDC00870A44 /* AppDelegate.swift in Sources */ = {isa = PBXBuildFile; fileRef = 47015E8E256B8BDC00870A44 /* AppDelegate.swift */; };
		47015E91256B8BDC00870A44 /* SceneDelegate.swift in Sources */ = {isa = PBXBuildFile; fileRef = 47015E90256B8BDC00870A44 /* SceneDelegate.swift */; };
		47015E98256B8BDD00870A44 /* Assets.xcassets in Resources */ = {isa = PBXBuildFile; fileRef = 47015E97256B8BDD00870A44 /* Assets.xcassets */; };
		47015E9B256B8BDD00870A44 /* LaunchScreen.storyboard in Resources */ = {isa = PBXBuildFile; fileRef = 47015E99256B8BDD00870A44 /* LaunchScreen.storyboard */; };
		47015EAD256B8FFC00870A44 /* Home.storyboard in Resources */ = {isa = PBXBuildFile; fileRef = 47015EAC256B8FFC00870A44 /* Home.storyboard */; };
		47015EB0256B902900870A44 /* HomeVC.swift in Sources */ = {isa = PBXBuildFile; fileRef = 47015EAF256B902900870A44 /* HomeVC.swift */; };
		47015EE7256BAF0700870A44 /* UCNavigationBarView.xib in Resources */ = {isa = PBXBuildFile; fileRef = 47015EE6256BAF0700870A44 /* UCNavigationBarView.xib */; };
		47015EEA256BAF2D00870A44 /* UCNavigationBarView.swift in Sources */ = {isa = PBXBuildFile; fileRef = 47015EE9256BAF2D00870A44 /* UCNavigationBarView.swift */; };
		470DCDAE256E9FDB00D3D1E4 /* AppStoreVC.swift in Sources */ = {isa = PBXBuildFile; fileRef = 470DCDAD256E9FDB00D3D1E4 /* AppStoreVC.swift */; };
		470DCDB3256EA1D200D3D1E4 /* appstore.json in Resources */ = {isa = PBXBuildFile; fileRef = 470DCDB2256EA1D200D3D1E4 /* appstore.json */; };
		470DCDB7256EA23E00D3D1E4 /* Bundle-Decodable.swift in Sources */ = {isa = PBXBuildFile; fileRef = 470DCDB6256EA23E00D3D1E4 /* Bundle-Decodable.swift */; };
		470DCDD8256EA34800D3D1E4 /* AppStoreTabBar.swift in Sources */ = {isa = PBXBuildFile; fileRef = 470DCDD7256EA34800D3D1E4 /* AppStoreTabBar.swift */; };
		470DCDDC256EA40600D3D1E4 /* Constants.swift in Sources */ = {isa = PBXBuildFile; fileRef = 470DCDDB256EA40600D3D1E4 /* Constants.swift */; };
		470DCDE0256EA60F00D3D1E4 /* GameVC.swift in Sources */ = {isa = PBXBuildFile; fileRef = 470DCDDF256EA60F00D3D1E4 /* GameVC.swift */; };
		470DCDE3256EA65900D3D1E4 /* ArcadeVC.swift in Sources */ = {isa = PBXBuildFile; fileRef = 470DCDE2256EA65900D3D1E4 /* ArcadeVC.swift */; };
		470DCDE6256EA6A600D3D1E4 /* SearchVC.swift in Sources */ = {isa = PBXBuildFile; fileRef = 470DCDE5256EA6A600D3D1E4 /* SearchVC.swift */; };
		470DCDF1256EB42B00D3D1E4 /* Section.swift in Sources */ = {isa = PBXBuildFile; fileRef = 470DCDF0256EB42B00D3D1E4 /* Section.swift */; };
		470DCDF5256EB43E00D3D1E4 /* App.swift in Sources */ = {isa = PBXBuildFile; fileRef = 470DCDF4256EB43E00D3D1E4 /* App.swift */; };
		470DCDF9256EB72F00D3D1E4 /* SelfConfiguringCell.swift in Sources */ = {isa = PBXBuildFile; fileRef = 470DCDF8256EB72F00D3D1E4 /* SelfConfiguringCell.swift */; };
		470DCDFE256EB7C300D3D1E4 /* FeaturedCell.swift in Sources */ = {isa = PBXBuildFile; fileRef = 470DCDFD256EB7C300D3D1E4 /* FeaturedCell.swift */; };
		4738EEC6256D50AE00532B91 /* UIView+Ext.swift in Sources */ = {isa = PBXBuildFile; fileRef = 4738EEC5256D50AE00532B91 /* UIView+Ext.swift */; };
		4738EECB256D652500532B91 /* CategoryHeaderView.swift in Sources */ = {isa = PBXBuildFile; fileRef = 4738EECA256D652500532B91 /* CategoryHeaderView.swift */; };
		47A28385256FE54D0050389C /* MediumTableViewCell.swift in Sources */ = {isa = PBXBuildFile; fileRef = 47A28384256FE54D0050389C /* MediumTableViewCell.swift */; };
/* End PBXBuildFile section */

/* Begin PBXFileReference section */
		47015E8B256B8BDC00870A44 /* UI Challenge.app */ = {isa = PBXFileReference; explicitFileType = wrapper.application; includeInIndex = 0; path = "UI Challenge.app"; sourceTree = BUILT_PRODUCTS_DIR; };
		47015E8E256B8BDC00870A44 /* AppDelegate.swift */ = {isa = PBXFileReference; lastKnownFileType = sourcecode.swift; path = AppDelegate.swift; sourceTree = "<group>"; };
		47015E90256B8BDC00870A44 /* SceneDelegate.swift */ = {isa = PBXFileReference; lastKnownFileType = sourcecode.swift; path = SceneDelegate.swift; sourceTree = "<group>"; };
		47015E97256B8BDD00870A44 /* Assets.xcassets */ = {isa = PBXFileReference; lastKnownFileType = folder.assetcatalog; path = Assets.xcassets; sourceTree = "<group>"; };
		47015E9A256B8BDD00870A44 /* Base */ = {isa = PBXFileReference; lastKnownFileType = file.storyboard; name = Base; path = Base.lproj/LaunchScreen.storyboard; sourceTree = "<group>"; };
		47015E9C256B8BDD00870A44 /* Info.plist */ = {isa = PBXFileReference; lastKnownFileType = text.plist.xml; path = Info.plist; sourceTree = "<group>"; };
		47015EAC256B8FFC00870A44 /* Home.storyboard */ = {isa = PBXFileReference; lastKnownFileType = file.storyboard; path = Home.storyboard; sourceTree = "<group>"; };
		47015EAF256B902900870A44 /* HomeVC.swift */ = {isa = PBXFileReference; lastKnownFileType = sourcecode.swift; path = HomeVC.swift; sourceTree = "<group>"; };
		47015EE6256BAF0700870A44 /* UCNavigationBarView.xib */ = {isa = PBXFileReference; lastKnownFileType = file.xib; path = UCNavigationBarView.xib; sourceTree = "<group>"; };
		47015EE9256BAF2D00870A44 /* UCNavigationBarView.swift */ = {isa = PBXFileReference; lastKnownFileType = sourcecode.swift; path = UCNavigationBarView.swift; sourceTree = "<group>"; };
		470DCDAD256E9FDB00D3D1E4 /* AppStoreVC.swift */ = {isa = PBXFileReference; lastKnownFileType = sourcecode.swift; path = AppStoreVC.swift; sourceTree = "<group>"; };
		470DCDB2256EA1D200D3D1E4 /* appstore.json */ = {isa = PBXFileReference; fileEncoding = 4; lastKnownFileType = text.json; path = appstore.json; sourceTree = "<group>"; };
		470DCDB6256EA23E00D3D1E4 /* Bundle-Decodable.swift */ = {isa = PBXFileReference; lastKnownFileType = sourcecode.swift; path = "Bundle-Decodable.swift"; sourceTree = "<group>"; };
		470DCDD7256EA34800D3D1E4 /* AppStoreTabBar.swift */ = {isa = PBXFileReference; lastKnownFileType = sourcecode.swift; path = AppStoreTabBar.swift; sourceTree = "<group>"; };
		470DCDDB256EA40600D3D1E4 /* Constants.swift */ = {isa = PBXFileReference; lastKnownFileType = sourcecode.swift; path = Constants.swift; sourceTree = "<group>"; };
		470DCDDF256EA60F00D3D1E4 /* GameVC.swift */ = {isa = PBXFileReference; lastKnownFileType = sourcecode.swift; path = GameVC.swift; sourceTree = "<group>"; };
		470DCDE2256EA65900D3D1E4 /* ArcadeVC.swift */ = {isa = PBXFileReference; lastKnownFileType = sourcecode.swift; path = ArcadeVC.swift; sourceTree = "<group>"; };
		470DCDE5256EA6A600D3D1E4 /* SearchVC.swift */ = {isa = PBXFileReference; lastKnownFileType = sourcecode.swift; path = SearchVC.swift; sourceTree = "<group>"; };
		470DCDF0256EB42B00D3D1E4 /* Section.swift */ = {isa = PBXFileReference; lastKnownFileType = sourcecode.swift; path = Section.swift; sourceTree = "<group>"; };
		470DCDF4256EB43E00D3D1E4 /* App.swift */ = {isa = PBXFileReference; lastKnownFileType = sourcecode.swift; path = App.swift; sourceTree = "<group>"; };
		470DCDF8256EB72F00D3D1E4 /* SelfConfiguringCell.swift */ = {isa = PBXFileReference; lastKnownFileType = sourcecode.swift; path = SelfConfiguringCell.swift; sourceTree = "<group>"; };
		470DCDFD256EB7C300D3D1E4 /* FeaturedCell.swift */ = {isa = PBXFileReference; lastKnownFileType = sourcecode.swift; path = FeaturedCell.swift; sourceTree = "<group>"; };
		4738EEC5256D50AE00532B91 /* UIView+Ext.swift */ = {isa = PBXFileReference; lastKnownFileType = sourcecode.swift; path = "UIView+Ext.swift"; sourceTree = "<group>"; };
		4738EECA256D652500532B91 /* CategoryHeaderView.swift */ = {isa = PBXFileReference; lastKnownFileType = sourcecode.swift; path = CategoryHeaderView.swift; sourceTree = "<group>"; };
		47A28384256FE54D0050389C /* MediumTableViewCell.swift */ = {isa = PBXFileReference; lastKnownFileType = sourcecode.swift; path = MediumTableViewCell.swift; sourceTree = "<group>"; };
/* End PBXFileReference section */

/* Begin PBXFrameworksBuildPhase section */
		47015E88256B8BDC00870A44 /* Frameworks */ = {
			isa = PBXFrameworksBuildPhase;
			buildActionMask = 2147483647;
			files = (
			);
			runOnlyForDeploymentPostprocessing = 0;
		};
/* End PBXFrameworksBuildPhase section */

/* Begin PBXGroup section */
		47015E82256B8BDC00870A44 = {
			isa = PBXGroup;
			children = (
				47015E8D256B8BDC00870A44 /* UI Challenge */,
				47015E8C256B8BDC00870A44 /* Products */,
			);
			sourceTree = "<group>";
		};
		47015E8C256B8BDC00870A44 /* Products */ = {
			isa = PBXGroup;
			children = (
				47015E8B256B8BDC00870A44 /* UI Challenge.app */,
			);
			name = Products;
			sourceTree = "<group>";
		};
		47015E8D256B8BDC00870A44 /* UI Challenge */ = {
			isa = PBXGroup;
			children = (
				470DCDEF256EB42000D3D1E4 /* Models */,
				47015EA7256B8EA600870A44 /* Custom Views */,
				47015EA6256B8E8D00870A44 /* Scenes */,
				4738EEC4256D508C00532B91 /* Extensions */,
				470DCDF7256EB71700D3D1E4 /* Protocols */,
				470DCDB5256EA22600D3D1E4 /* Helper */,
				470DCDDA256EA3F800D3D1E4 /* Constants */,
				47015EA4256B8E7500870A44 /* Support Files */,
			);
			path = "UI Challenge";
			sourceTree = "<group>";
		};
		47015EA4256B8E7500870A44 /* Support Files */ = {
			isa = PBXGroup;
			children = (
				470DCDB2256EA1D200D3D1E4 /* appstore.json */,
				47015E8E256B8BDC00870A44 /* AppDelegate.swift */,
				47015E90256B8BDC00870A44 /* SceneDelegate.swift */,
				47015E97256B8BDD00870A44 /* Assets.xcassets */,
				47015E99256B8BDD00870A44 /* LaunchScreen.storyboard */,
				47015E9C256B8BDD00870A44 /* Info.plist */,
			);
			name = "Support Files";
			sourceTree = "<group>";
		};
		47015EA6256B8E8D00870A44 /* Scenes */ = {
			isa = PBXGroup;
			children = (
				470DCDAC256E9FBE00D3D1E4 /* App Store */,
				47015EA8256B8EBC00870A44 /* Home */,
			);
			path = Scenes;
			sourceTree = "<group>";
		};
		47015EA7256B8EA600870A44 /* Custom Views */ = {
			isa = PBXGroup;
			children = (
				470DCDBA256EA2D900D3D1E4 /* Tab Bar */,
				47015EDE256BAE0100870A44 /* Navigation Bar */,
			);
			path = "Custom Views";
			sourceTree = "<group>";
		};
		47015EA8256B8EBC00870A44 /* Home */ = {
			isa = PBXGroup;
			children = (
				4738EEC9256D64F300532B91 /* Cells */,
				47015EAF256B902900870A44 /* HomeVC.swift */,
				47015EAC256B8FFC00870A44 /* Home.storyboard */,
			);
			path = Home;
			sourceTree = "<group>";
		};
		47015EDE256BAE0100870A44 /* Navigation Bar */ = {
			isa = PBXGroup;
			children = (
				47015EE9256BAF2D00870A44 /* UCNavigationBarView.swift */,
				47015EE6256BAF0700870A44 /* UCNavigationBarView.xib */,
			);
			path = "Navigation Bar";
			sourceTree = "<group>";
		};
		470DCDAC256E9FBE00D3D1E4 /* App Store */ = {
			isa = PBXGroup;
			children = (
				470DCDE8256EA76800D3D1E4 /* Apps */,
				470DCDE9256EA78400D3D1E4 /* Games */,
				470DCDEB256EA79500D3D1E4 /* Search */,
				470DCDEA256EA78F00D3D1E4 /* Archade */,
			);
			path = "App Store";
			sourceTree = "<group>";
		};
		470DCDB5256EA22600D3D1E4 /* Helper */ = {
			isa = PBXGroup;
			children = (
				470DCDB6256EA23E00D3D1E4 /* Bundle-Decodable.swift */,
			);
			path = Helper;
			sourceTree = "<group>";
		};
		470DCDBA256EA2D900D3D1E4 /* Tab Bar */ = {
			isa = PBXGroup;
			children = (
				470DCDD7256EA34800D3D1E4 /* AppStoreTabBar.swift */,
			);
			path = "Tab Bar";
			sourceTree = "<group>";
		};
		470DCDDA256EA3F800D3D1E4 /* Constants */ = {
			isa = PBXGroup;
			children = (
				470DCDDB256EA40600D3D1E4 /* Constants.swift */,
			);
			path = Constants;
			sourceTree = "<group>";
		};
		470DCDE8256EA76800D3D1E4 /* Apps */ = {
			isa = PBXGroup;
			children = (
				470DCDFC256EB7AE00D3D1E4 /* Cells */,
				470DCDAD256E9FDB00D3D1E4 /* AppStoreVC.swift */,
			);
			path = Apps;
			sourceTree = "<group>";
		};
		470DCDE9256EA78400D3D1E4 /* Games */ = {
			isa = PBXGroup;
			children = (
				470DCDDF256EA60F00D3D1E4 /* GameVC.swift */,
			);
			path = Games;
			sourceTree = "<group>";
		};
		470DCDEA256EA78F00D3D1E4 /* Archade */ = {
			isa = PBXGroup;
			children = (
				470DCDE2256EA65900D3D1E4 /* ArcadeVC.swift */,
			);
			path = Archade;
			sourceTree = "<group>";
		};
		470DCDEB256EA79500D3D1E4 /* Search */ = {
			isa = PBXGroup;
			children = (
				470DCDE5256EA6A600D3D1E4 /* SearchVC.swift */,
			);
			path = Search;
			sourceTree = "<group>";
		};
		470DCDEF256EB42000D3D1E4 /* Models */ = {
			isa = PBXGroup;
			children = (
				470DCDF0256EB42B00D3D1E4 /* Section.swift */,
				470DCDF4256EB43E00D3D1E4 /* App.swift */,
			);
			path = Models;
			sourceTree = "<group>";
		};
		470DCDF7256EB71700D3D1E4 /* Protocols */ = {
			isa = PBXGroup;
			children = (
				470DCDF8256EB72F00D3D1E4 /* SelfConfiguringCell.swift */,
			);
			path = Protocols;
			sourceTree = "<group>";
		};
		470DCDFC256EB7AE00D3D1E4 /* Cells */ = {
			isa = PBXGroup;
			children = (
				470DCDFD256EB7C300D3D1E4 /* FeaturedCell.swift */,
				47A28384256FE54D0050389C /* MediumTableViewCell.swift */,
			);
			path = Cells;
			sourceTree = "<group>";
		};
		4738EEC4256D508C00532B91 /* Extensions */ = {
			isa = PBXGroup;
			children = (
				4738EEC5256D50AE00532B91 /* UIView+Ext.swift */,
			);
			path = Extensions;
			sourceTree = "<group>";
		};
		4738EEC9256D64F300532B91 /* Cells */ = {
			isa = PBXGroup;
			children = (
				4738EECA256D652500532B91 /* CategoryHeaderView.swift */,
			);
			path = Cells;
			sourceTree = "<group>";
		};
/* End PBXGroup section */

/* Begin PBXNativeTarget section */
		47015E8A256B8BDC00870A44 /* UI Challenge */ = {
			isa = PBXNativeTarget;
			buildConfigurationList = 47015E9F256B8BDD00870A44 /* Build configuration list for PBXNativeTarget "UI Challenge" */;
			buildPhases = (
				47015E87256B8BDC00870A44 /* Sources */,
				47015E88256B8BDC00870A44 /* Frameworks */,
				47015E89256B8BDC00870A44 /* Resources */,
			);
			buildRules = (
			);
			dependencies = (
			);
			name = "UI Challenge";
			productName = "UI Challenge";
			productReference = 47015E8B256B8BDC00870A44 /* UI Challenge.app */;
			productType = "com.apple.product-type.application";
		};
/* End PBXNativeTarget section */

/* Begin PBXProject section */
		47015E83256B8BDC00870A44 /* Project object */ = {
			isa = PBXProject;
			attributes = {
				LastSwiftUpdateCheck = 1220;
				LastUpgradeCheck = 1220;
				TargetAttributes = {
					47015E8A256B8BDC00870A44 = {
						CreatedOnToolsVersion = 12.2;
					};
				};
			};
			buildConfigurationList = 47015E86256B8BDC00870A44 /* Build configuration list for PBXProject "UI Challenge" */;
			compatibilityVersion = "Xcode 9.3";
			developmentRegion = en;
			hasScannedForEncodings = 0;
			knownRegions = (
				en,
				Base,
			);
			mainGroup = 47015E82256B8BDC00870A44;
			productRefGroup = 47015E8C256B8BDC00870A44 /* Products */;
			projectDirPath = "";
			projectRoot = "";
			targets = (
				47015E8A256B8BDC00870A44 /* UI Challenge */,
			);
		};
/* End PBXProject section */

/* Begin PBXResourcesBuildPhase section */
		47015E89256B8BDC00870A44 /* Resources */ = {
			isa = PBXResourcesBuildPhase;
			buildActionMask = 2147483647;
			files = (
				470DCDB3256EA1D200D3D1E4 /* appstore.json in Resources */,
				47015EE7256BAF0700870A44 /* UCNavigationBarView.xib in Resources */,
				47015EAD256B8FFC00870A44 /* Home.storyboard in Resources */,
				47015E9B256B8BDD00870A44 /* LaunchScreen.storyboard in Resources */,
				47015E98256B8BDD00870A44 /* Assets.xcassets in Resources */,
			);
			runOnlyForDeploymentPostprocessing = 0;
		};
/* End PBXResourcesBuildPhase section */

/* Begin PBXSourcesBuildPhase section */
		47015E87256B8BDC00870A44 /* Sources */ = {
			isa = PBXSourcesBuildPhase;
			buildActionMask = 2147483647;
			files = (
				470DCDE0256EA60F00D3D1E4 /* GameVC.swift in Sources */,
				47015EB0256B902900870A44 /* HomeVC.swift in Sources */,
				4738EECB256D652500532B91 /* CategoryHeaderView.swift in Sources */,
				470DCDF5256EB43E00D3D1E4 /* App.swift in Sources */,
				470DCDF1256EB42B00D3D1E4 /* Section.swift in Sources */,
				47015EEA256BAF2D00870A44 /* UCNavigationBarView.swift in Sources */,
				470DCDB7256EA23E00D3D1E4 /* Bundle-Decodable.swift in Sources */,
				4738EEC6256D50AE00532B91 /* UIView+Ext.swift in Sources */,
				470DCDDC256EA40600D3D1E4 /* Constants.swift in Sources */,
				470DCDF9256EB72F00D3D1E4 /* SelfConfiguringCell.swift in Sources */,
				470DCDE3256EA65900D3D1E4 /* ArcadeVC.swift in Sources */,
				47015E8F256B8BDC00870A44 /* AppDelegate.swift in Sources */,
				47A28385256FE54D0050389C /* MediumTableViewCell.swift in Sources */,
				470DCDAE256E9FDB00D3D1E4 /* AppStoreVC.swift in Sources */,
				470DCDE6256EA6A600D3D1E4 /* SearchVC.swift in Sources */,
				470DCDD8256EA34800D3D1E4 /* AppStoreTabBar.swift in Sources */,
				47015E91256B8BDC00870A44 /* SceneDelegate.swift in Sources */,
				470DCDFE256EB7C300D3D1E4 /* FeaturedCell.swift in Sources */,
			);
			runOnlyForDeploymentPostprocessing = 0;
		};
/* End PBXSourcesBuildPhase section */

/* Begin PBXVariantGroup section */
		47015E99256B8BDD00870A44 /* LaunchScreen.storyboard */ = {
			isa = PBXVariantGroup;
			children = (
				47015E9A256B8BDD00870A44 /* Base */,
			);
			name = LaunchScreen.storyboard;
			sourceTree = "<group>";
		};
/* End PBXVariantGroup section */

/* Begin XCBuildConfiguration section */
		47015E9D256B8BDD00870A44 /* Debug */ = {
			isa = XCBuildConfiguration;
			buildSettings = {
				ALWAYS_SEARCH_USER_PATHS = NO;
				CLANG_ANALYZER_NONNULL = YES;
				CLANG_ANALYZER_NUMBER_OBJECT_CONVERSION = YES_AGGRESSIVE;
				CLANG_CXX_LANGUAGE_STANDARD = "gnu++14";
				CLANG_CXX_LIBRARY = "libc++";
				CLANG_ENABLE_MODULES = YES;
				CLANG_ENABLE_OBJC_ARC = YES;
				CLANG_ENABLE_OBJC_WEAK = YES;
				CLANG_WARN_BLOCK_CAPTURE_AUTORELEASING = YES;
				CLANG_WARN_BOOL_CONVERSION = YES;
				CLANG_WARN_COMMA = YES;
				CLANG_WARN_CONSTANT_CONVERSION = YES;
				CLANG_WARN_DEPRECATED_OBJC_IMPLEMENTATIONS = YES;
				CLANG_WARN_DIRECT_OBJC_ISA_USAGE = YES_ERROR;
				CLANG_WARN_DOCUMENTATION_COMMENTS = YES;
				CLANG_WARN_EMPTY_BODY = YES;
				CLANG_WARN_ENUM_CONVERSION = YES;
				CLANG_WARN_INFINITE_RECURSION = YES;
				CLANG_WARN_INT_CONVERSION = YES;
				CLANG_WARN_NON_LITERAL_NULL_CONVERSION = YES;
				CLANG_WARN_OBJC_IMPLICIT_RETAIN_SELF = YES;
				CLANG_WARN_OBJC_LITERAL_CONVERSION = YES;
				CLANG_WARN_OBJC_ROOT_CLASS = YES_ERROR;
				CLANG_WARN_QUOTED_INCLUDE_IN_FRAMEWORK_HEADER = YES;
				CLANG_WARN_RANGE_LOOP_ANALYSIS = YES;
				CLANG_WARN_STRICT_PROTOTYPES = YES;
				CLANG_WARN_SUSPICIOUS_MOVE = YES;
				CLANG_WARN_UNGUARDED_AVAILABILITY = YES_AGGRESSIVE;
				CLANG_WARN_UNREACHABLE_CODE = YES;
				CLANG_WARN__DUPLICATE_METHOD_MATCH = YES;
				COPY_PHASE_STRIP = NO;
				DEBUG_INFORMATION_FORMAT = dwarf;
				ENABLE_STRICT_OBJC_MSGSEND = YES;
				ENABLE_TESTABILITY = YES;
				GCC_C_LANGUAGE_STANDARD = gnu11;
				GCC_DYNAMIC_NO_PIC = NO;
				GCC_NO_COMMON_BLOCKS = YES;
				GCC_OPTIMIZATION_LEVEL = 0;
				GCC_PREPROCESSOR_DEFINITIONS = (
					"DEBUG=1",
					"$(inherited)",
				);
				GCC_WARN_64_TO_32_BIT_CONVERSION = YES;
				GCC_WARN_ABOUT_RETURN_TYPE = YES_ERROR;
				GCC_WARN_UNDECLARED_SELECTOR = YES;
				GCC_WARN_UNINITIALIZED_AUTOS = YES_AGGRESSIVE;
				GCC_WARN_UNUSED_FUNCTION = YES;
				GCC_WARN_UNUSED_VARIABLE = YES;
				IPHONEOS_DEPLOYMENT_TARGET = 14.2;
				MTL_ENABLE_DEBUG_INFO = INCLUDE_SOURCE;
				MTL_FAST_MATH = YES;
				ONLY_ACTIVE_ARCH = YES;
				SDKROOT = iphoneos;
				SWIFT_ACTIVE_COMPILATION_CONDITIONS = DEBUG;
				SWIFT_OPTIMIZATION_LEVEL = "-Onone";
			};
			name = Debug;
		};
		47015E9E256B8BDD00870A44 /* Release */ = {
			isa = XCBuildConfiguration;
			buildSettings = {
				ALWAYS_SEARCH_USER_PATHS = NO;
				CLANG_ANALYZER_NONNULL = YES;
				CLANG_ANALYZER_NUMBER_OBJECT_CONVERSION = YES_AGGRESSIVE;
				CLANG_CXX_LANGUAGE_STANDARD = "gnu++14";
				CLANG_CXX_LIBRARY = "libc++";
				CLANG_ENABLE_MODULES = YES;
				CLANG_ENABLE_OBJC_ARC = YES;
				CLANG_ENABLE_OBJC_WEAK = YES;
				CLANG_WARN_BLOCK_CAPTURE_AUTORELEASING = YES;
				CLANG_WARN_BOOL_CONVERSION = YES;
				CLANG_WARN_COMMA = YES;
				CLANG_WARN_CONSTANT_CONVERSION = YES;
				CLANG_WARN_DEPRECATED_OBJC_IMPLEMENTATIONS = YES;
				CLANG_WARN_DIRECT_OBJC_ISA_USAGE = YES_ERROR;
				CLANG_WARN_DOCUMENTATION_COMMENTS = YES;
				CLANG_WARN_EMPTY_BODY = YES;
				CLANG_WARN_ENUM_CONVERSION = YES;
				CLANG_WARN_INFINITE_RECURSION = YES;
				CLANG_WARN_INT_CONVERSION = YES;
				CLANG_WARN_NON_LITERAL_NULL_CONVERSION = YES;
				CLANG_WARN_OBJC_IMPLICIT_RETAIN_SELF = YES;
				CLANG_WARN_OBJC_LITERAL_CONVERSION = YES;
				CLANG_WARN_OBJC_ROOT_CLASS = YES_ERROR;
				CLANG_WARN_QUOTED_INCLUDE_IN_FRAMEWORK_HEADER = YES;
				CLANG_WARN_RANGE_LOOP_ANALYSIS = YES;
				CLANG_WARN_STRICT_PROTOTYPES = YES;
				CLANG_WARN_SUSPICIOUS_MOVE = YES;
				CLANG_WARN_UNGUARDED_AVAILABILITY = YES_AGGRESSIVE;
				CLANG_WARN_UNREACHABLE_CODE = YES;
				CLANG_WARN__DUPLICATE_METHOD_MATCH = YES;
				COPY_PHASE_STRIP = NO;
				DEBUG_INFORMATION_FORMAT = "dwarf-with-dsym";
				ENABLE_NS_ASSERTIONS = NO;
				ENABLE_STRICT_OBJC_MSGSEND = YES;
				GCC_C_LANGUAGE_STANDARD = gnu11;
				GCC_NO_COMMON_BLOCKS = YES;
				GCC_WARN_64_TO_32_BIT_CONVERSION = YES;
				GCC_WARN_ABOUT_RETURN_TYPE = YES_ERROR;
				GCC_WARN_UNDECLARED_SELECTOR = YES;
				GCC_WARN_UNINITIALIZED_AUTOS = YES_AGGRESSIVE;
				GCC_WARN_UNUSED_FUNCTION = YES;
				GCC_WARN_UNUSED_VARIABLE = YES;
				IPHONEOS_DEPLOYMENT_TARGET = 14.2;
				MTL_ENABLE_DEBUG_INFO = NO;
				MTL_FAST_MATH = YES;
				SDKROOT = iphoneos;
				SWIFT_COMPILATION_MODE = wholemodule;
				SWIFT_OPTIMIZATION_LEVEL = "-O";
				VALIDATE_PRODUCT = YES;
			};
			name = Release;
		};
		47015EA0256B8BDD00870A44 /* Debug */ = {
			isa = XCBuildConfiguration;
			buildSettings = {
				ASSETCATALOG_COMPILER_APPICON_NAME = AppIcon;
				ASSETCATALOG_COMPILER_GLOBAL_ACCENT_COLOR_NAME = AccentColor;
				CODE_SIGN_STYLE = Automatic;
				DEVELOPMENT_TEAM = 7BXSU3YQGA;
				INFOPLIST_FILE = "UI Challenge/Info.plist";
				LD_RUNPATH_SEARCH_PATHS = (
					"$(inherited)",
					"@executable_path/Frameworks",
				);
				PRODUCT_BUNDLE_IDENTIFIER = "com.castleCode.UI-Challenge";
				PRODUCT_NAME = "$(TARGET_NAME)";
				SWIFT_VERSION = 5.0;
				TARGETED_DEVICE_FAMILY = 1;
			};
			name = Debug;
		};
		47015EA1256B8BDD00870A44 /* Release */ = {
			isa = XCBuildConfiguration;
			buildSettings = {
				ASSETCATALOG_COMPILER_APPICON_NAME = AppIcon;
				ASSETCATALOG_COMPILER_GLOBAL_ACCENT_COLOR_NAME = AccentColor;
				CODE_SIGN_STYLE = Automatic;
				DEVELOPMENT_TEAM = 7BXSU3YQGA;
				INFOPLIST_FILE = "UI Challenge/Info.plist";
				LD_RUNPATH_SEARCH_PATHS = (
					"$(inherited)",
					"@executable_path/Frameworks",
				);
				PRODUCT_BUNDLE_IDENTIFIER = "com.castleCode.UI-Challenge";
				PRODUCT_NAME = "$(TARGET_NAME)";
				SWIFT_VERSION = 5.0;
				TARGETED_DEVICE_FAMILY = 1;
			};
			name = Release;
		};
/* End XCBuildConfiguration section */

/* Begin XCConfigurationList section */
		47015E86256B8BDC00870A44 /* Build configuration list for PBXProject "UI Challenge" */ = {
			isa = XCConfigurationList;
			buildConfigurations = (
				47015E9D256B8BDD00870A44 /* Debug */,
				47015E9E256B8BDD00870A44 /* Release */,
			);
			defaultConfigurationIsVisible = 0;
			defaultConfigurationName = Release;
		};
		47015E9F256B8BDD00870A44 /* Build configuration list for PBXNativeTarget "UI Challenge" */ = {
			isa = XCConfigurationList;
			buildConfigurations = (
				47015EA0256B8BDD00870A44 /* Debug */,
				47015EA1256B8BDD00870A44 /* Release */,
			);
			defaultConfigurationIsVisible = 0;
			defaultConfigurationName = Release;
		};
/* End XCConfigurationList section */
	};
	rootObject = 47015E83256B8BDC00870A44 /* Project object */;
}
